
Microsoft Visual Studio Solution File, Format Version 12.00
# Visual Studio Version 16
VisualStudioVersion = 16.0.28729.10
MinimumVisualStudioVersion = 10.0.40219.1
Project("{FAE04EC0-301F-11D3-BF4B-00C04F79EFBC}") = "VisionTrainer.Functions", "VisionTrainer.Functions\VisionTrainer.Functions.csproj", "{78D30ECE-3E05-428D-A4F0-42BF0555D8EE}"
EndProject
Project("{FAE04EC0-301F-11D3-BF4B-00C04F79EFBC}") = "VisionTrainer.Common", "VisionTrainer.Common\VisionTrainer.Common.csproj", "{0DC9537E-00A0-47FA-92FB-5BEBDBDA2C98}"
EndProject
Project("{2150E333-8FDC-42A3-9474-1A3956D46DE8}") = "MobileApp", "MobileApp", "{1004AC8D-51F9-437B-B2AC-AE513DFE4F19}"
EndProject
Project("{FAE04EC0-301F-11D3-BF4B-00C04F79EFBC}") = "VisionTrainer", "VisionTrainer\VisionTrainer.csproj", "{CE746019-A523-4F25-B621-BC8516E56100}"
EndProject
Project("{FAE04EC0-301F-11D3-BF4B-00C04F79EFBC}") = "VisionTrainer.Android", "VisionTrainer.Android\VisionTrainer.Android.csproj", "{4681A452-D8E1-41D5-822B-909DA4D7EFF1}"
EndProject
Project("{FAE04EC0-301F-11D3-BF4B-00C04F79EFBC}") = "VisionTrainer.iOS", "VisionTrainer.iOS\VisionTrainer.iOS.csproj", "{8F681415-26E1-45D8-BD0B-73782331D794}"
EndProject
Project("{FAE04EC0-301F-11D3-BF4B-00C04F79EFBC}") = "VisionTrainer.UITests", "VisionTrainer.UITests\VisionTrainer.UITests.csproj", "{B19C892E-2628-4CA7-AD27-08D406A3B14B}"
EndProject
Global
	GlobalSection(SolutionConfigurationPlatforms) = preSolution
		Debug|Any CPU = Debug|Any CPU
		Release|Any CPU = Release|Any CPU
		Debug|iPhoneSimulator = Debug|iPhoneSimulator
		Release|iPhoneSimulator = Release|iPhoneSimulator
		Debug|iPhone = Debug|iPhone
		Release|iPhone = Release|iPhone
		Ad-Hoc|iPhone = Ad-Hoc|iPhone
		AppStore|iPhone = AppStore|iPhone
	EndGlobalSection
	GlobalSection(ProjectConfigurationPlatforms) = postSolution
		{78D30ECE-3E05-428D-A4F0-42BF0555D8EE}.Debug|Any CPU.ActiveCfg = Debug|Any CPU
		{78D30ECE-3E05-428D-A4F0-42BF0555D8EE}.Debug|Any CPU.Build.0 = Debug|Any CPU
		{78D30ECE-3E05-428D-A4F0-42BF0555D8EE}.Release|Any CPU.ActiveCfg = Release|Any CPU
		{78D30ECE-3E05-428D-A4F0-42BF0555D8EE}.Release|Any CPU.Build.0 = Release|Any CPU
		{78D30ECE-3E05-428D-A4F0-42BF0555D8EE}.Debug|iPhoneSimulator.ActiveCfg = Debug|Any CPU
		{78D30ECE-3E05-428D-A4F0-42BF0555D8EE}.Debug|iPhoneSimulator.Build.0 = Debug|Any CPU
		{78D30ECE-3E05-428D-A4F0-42BF0555D8EE}.Release|iPhoneSimulator.ActiveCfg = Release|Any CPU
		{78D30ECE-3E05-428D-A4F0-42BF0555D8EE}.Release|iPhoneSimulator.Build.0 = Release|Any CPU
		{78D30ECE-3E05-428D-A4F0-42BF0555D8EE}.Debug|iPhone.ActiveCfg = Debug|Any CPU
		{78D30ECE-3E05-428D-A4F0-42BF0555D8EE}.Debug|iPhone.Build.0 = Debug|Any CPU
		{78D30ECE-3E05-428D-A4F0-42BF0555D8EE}.Release|iPhone.ActiveCfg = Release|Any CPU
		{78D30ECE-3E05-428D-A4F0-42BF0555D8EE}.Release|iPhone.Build.0 = Release|Any CPU
		{78D30ECE-3E05-428D-A4F0-42BF0555D8EE}.Ad-Hoc|iPhone.ActiveCfg = Debug|Any CPU
		{78D30ECE-3E05-428D-A4F0-42BF0555D8EE}.Ad-Hoc|iPhone.Build.0 = Debug|Any CPU
		{78D30ECE-3E05-428D-A4F0-42BF0555D8EE}.AppStore|iPhone.ActiveCfg = Debug|Any CPU
		{78D30ECE-3E05-428D-A4F0-42BF0555D8EE}.AppStore|iPhone.Build.0 = Debug|Any CPU
		{0DC9537E-00A0-47FA-92FB-5BEBDBDA2C98}.Debug|Any CPU.ActiveCfg = Debug|Any CPU
		{0DC9537E-00A0-47FA-92FB-5BEBDBDA2C98}.Debug|Any CPU.Build.0 = Debug|Any CPU
		{0DC9537E-00A0-47FA-92FB-5BEBDBDA2C98}.Release|Any CPU.ActiveCfg = Release|Any CPU
		{0DC9537E-00A0-47FA-92FB-5BEBDBDA2C98}.Release|Any CPU.Build.0 = Release|Any CPU
		{0DC9537E-00A0-47FA-92FB-5BEBDBDA2C98}.Debug|iPhoneSimulator.ActiveCfg = Debug|Any CPU
		{0DC9537E-00A0-47FA-92FB-5BEBDBDA2C98}.Debug|iPhoneSimulator.Build.0 = Debug|Any CPU
		{0DC9537E-00A0-47FA-92FB-5BEBDBDA2C98}.Release|iPhoneSimulator.ActiveCfg = Release|Any CPU
		{0DC9537E-00A0-47FA-92FB-5BEBDBDA2C98}.Release|iPhoneSimulator.Build.0 = Release|Any CPU
		{0DC9537E-00A0-47FA-92FB-5BEBDBDA2C98}.Debug|iPhone.ActiveCfg = Debug|Any CPU
		{0DC9537E-00A0-47FA-92FB-5BEBDBDA2C98}.Debug|iPhone.Build.0 = Debug|Any CPU
		{0DC9537E-00A0-47FA-92FB-5BEBDBDA2C98}.Release|iPhone.ActiveCfg = Release|Any CPU
		{0DC9537E-00A0-47FA-92FB-5BEBDBDA2C98}.Release|iPhone.Build.0 = Release|Any CPU
		{0DC9537E-00A0-47FA-92FB-5BEBDBDA2C98}.Ad-Hoc|iPhone.ActiveCfg = Debug|Any CPU
		{0DC9537E-00A0-47FA-92FB-5BEBDBDA2C98}.Ad-Hoc|iPhone.Build.0 = Debug|Any CPU
		{0DC9537E-00A0-47FA-92FB-5BEBDBDA2C98}.AppStore|iPhone.ActiveCfg = Debug|Any CPU
		{0DC9537E-00A0-47FA-92FB-5BEBDBDA2C98}.AppStore|iPhone.Build.0 = Debug|Any CPU
		{CE746019-A523-4F25-B621-BC8516E56100}.Debug|Any CPU.ActiveCfg = Debug|Any CPU
		{CE746019-A523-4F25-B621-BC8516E56100}.Debug|Any CPU.Build.0 = Debug|Any CPU
		{CE746019-A523-4F25-B621-BC8516E56100}.Release|Any CPU.ActiveCfg = Release|Any CPU
		{CE746019-A523-4F25-B621-BC8516E56100}.Release|Any CPU.Build.0 = Release|Any CPU
		{CE746019-A523-4F25-B621-BC8516E56100}.Debug|iPhoneSimulator.ActiveCfg = Debug|Any CPU
		{CE746019-A523-4F25-B621-BC8516E56100}.Debug|iPhoneSimulator.Build.0 = Debug|Any CPU
		{CE746019-A523-4F25-B621-BC8516E56100}.Release|iPhoneSimulator.ActiveCfg = Release|Any CPU
		{CE746019-A523-4F25-B621-BC8516E56100}.Release|iPhoneSimulator.Build.0 = Release|Any CPU
		{CE746019-A523-4F25-B621-BC8516E56100}.Debug|iPhone.ActiveCfg = Debug|Any CPU
		{CE746019-A523-4F25-B621-BC8516E56100}.Debug|iPhone.Build.0 = Debug|Any CPU
		{CE746019-A523-4F25-B621-BC8516E56100}.Release|iPhone.ActiveCfg = Release|Any CPU
		{CE746019-A523-4F25-B621-BC8516E56100}.Release|iPhone.Build.0 = Release|Any CPU
		{CE746019-A523-4F25-B621-BC8516E56100}.Ad-Hoc|iPhone.ActiveCfg = Debug|Any CPU
		{CE746019-A523-4F25-B621-BC8516E56100}.Ad-Hoc|iPhone.Build.0 = Debug|Any CPU
		{CE746019-A523-4F25-B621-BC8516E56100}.AppStore|iPhone.ActiveCfg = Debug|Any CPU
		{CE746019-A523-4F25-B621-BC8516E56100}.AppStore|iPhone.Build.0 = Debug|Any CPU
		{4681A452-D8E1-41D5-822B-909DA4D7EFF1}.Debug|Any CPU.ActiveCfg = Debug|Any CPU
		{4681A452-D8E1-41D5-822B-909DA4D7EFF1}.Debug|Any CPU.Build.0 = Debug|Any CPU
		{4681A452-D8E1-41D5-822B-909DA4D7EFF1}.Release|Any CPU.ActiveCfg = Release|Any CPU
		{4681A452-D8E1-41D5-822B-909DA4D7EFF1}.Release|Any CPU.Build.0 = Release|Any CPU
		{4681A452-D8E1-41D5-822B-909DA4D7EFF1}.Debug|iPhoneSimulator.ActiveCfg = Debug|Any CPU
		{4681A452-D8E1-41D5-822B-909DA4D7EFF1}.Debug|iPhoneSimulator.Build.0 = Debug|Any CPU
		{4681A452-D8E1-41D5-822B-909DA4D7EFF1}.Release|iPhoneSimulator.ActiveCfg = Release|Any CPU
		{4681A452-D8E1-41D5-822B-909DA4D7EFF1}.Release|iPhoneSimulator.Build.0 = Release|Any CPU
		{4681A452-D8E1-41D5-822B-909DA4D7EFF1}.Debug|iPhone.ActiveCfg = Debug|Any CPU
		{4681A452-D8E1-41D5-822B-909DA4D7EFF1}.Debug|iPhone.Build.0 = Debug|Any CPU
		{4681A452-D8E1-41D5-822B-909DA4D7EFF1}.Release|iPhone.ActiveCfg = Release|Any CPU
		{4681A452-D8E1-41D5-822B-909DA4D7EFF1}.Release|iPhone.Build.0 = Release|Any CPU
		{4681A452-D8E1-41D5-822B-909DA4D7EFF1}.Ad-Hoc|iPhone.ActiveCfg = Debug|Any CPU
		{4681A452-D8E1-41D5-822B-909DA4D7EFF1}.Ad-Hoc|iPhone.Build.0 = Debug|Any CPU
		{4681A452-D8E1-41D5-822B-909DA4D7EFF1}.AppStore|iPhone.ActiveCfg = Debug|Any CPU
		{4681A452-D8E1-41D5-822B-909DA4D7EFF1}.AppStore|iPhone.Build.0 = Debug|Any CPU
		{8F681415-26E1-45D8-BD0B-73782331D794}.Debug|Any CPU.ActiveCfg = Debug|iPhoneSimulator
		{8F681415-26E1-45D8-BD0B-73782331D794}.Debug|Any CPU.Build.0 = Debug|iPhoneSimulator
		{8F681415-26E1-45D8-BD0B-73782331D794}.Release|Any CPU.ActiveCfg = Release|iPhoneSimulator
		{8F681415-26E1-45D8-BD0B-73782331D794}.Release|Any CPU.Build.0 = Release|iPhoneSimulator
		{8F681415-26E1-45D8-BD0B-73782331D794}.Debug|iPhoneSimulator.ActiveCfg = Debug|iPhoneSimulator
		{8F681415-26E1-45D8-BD0B-73782331D794}.Debug|iPhoneSimulator.Build.0 = Debug|iPhoneSimulator
		{8F681415-26E1-45D8-BD0B-73782331D794}.Release|iPhoneSimulator.ActiveCfg = Release|iPhoneSimulator
		{8F681415-26E1-45D8-BD0B-73782331D794}.Release|iPhoneSimulator.Build.0 = Release|iPhoneSimulator
		{8F681415-26E1-45D8-BD0B-73782331D794}.Debug|iPhone.ActiveCfg = Debug|iPhone
		{8F681415-26E1-45D8-BD0B-73782331D794}.Debug|iPhone.Build.0 = Debug|iPhone
		{8F681415-26E1-45D8-BD0B-73782331D794}.Release|iPhone.ActiveCfg = Release|iPhone
		{8F681415-26E1-45D8-BD0B-73782331D794}.Release|iPhone.Build.0 = Release|iPhone
		{8F681415-26E1-45D8-BD0B-73782331D794}.Ad-Hoc|iPhone.ActiveCfg = Ad-Hoc|iPhone
		{8F681415-26E1-45D8-BD0B-73782331D794}.Ad-Hoc|iPhone.Build.0 = Ad-Hoc|iPhone
		{8F681415-26E1-45D8-BD0B-73782331D794}.AppStore|iPhone.ActiveCfg = AppStore|iPhone
		{8F681415-26E1-45D8-BD0B-73782331D794}.AppStore|iPhone.Build.0 = AppStore|iPhone
		{B19C892E-2628-4CA7-AD27-08D406A3B14B}.Debug|Any CPU.ActiveCfg = Debug|Any CPU
		{B19C892E-2628-4CA7-AD27-08D406A3B14B}.Debug|Any CPU.Build.0 = Debug|Any CPU
		{B19C892E-2628-4CA7-AD27-08D406A3B14B}.Release|Any CPU.ActiveCfg = Release|Any CPU
		{B19C892E-2628-4CA7-AD27-08D406A3B14B}.Release|Any CPU.Build.0 = Release|Any CPU
		{B19C892E-2628-4CA7-AD27-08D406A3B14B}.Debug|iPhoneSimulator.ActiveCfg = Debug|Any CPU
		{B19C892E-2628-4CA7-AD27-08D406A3B14B}.Debug|iPhoneSimulator.Build.0 = Debug|Any CPU
		{B19C892E-2628-4CA7-AD27-08D406A3B14B}.Release|iPhoneSimulator.ActiveCfg = Release|Any CPU
		{B19C892E-2628-4CA7-AD27-08D406A3B14B}.Release|iPhoneSimulator.Build.0 = Release|Any CPU
		{B19C892E-2628-4CA7-AD27-08D406A3B14B}.Debug|iPhone.ActiveCfg = Debug|Any CPU
		{B19C892E-2628-4CA7-AD27-08D406A3B14B}.Debug|iPhone.Build.0 = Debug|Any CPU
		{B19C892E-2628-4CA7-AD27-08D406A3B14B}.Release|iPhone.ActiveCfg = Release|Any CPU
		{B19C892E-2628-4CA7-AD27-08D406A3B14B}.Release|iPhone.Build.0 = Release|Any CPU
		{B19C892E-2628-4CA7-AD27-08D406A3B14B}.Ad-Hoc|iPhone.ActiveCfg = Debug|Any CPU
		{B19C892E-2628-4CA7-AD27-08D406A3B14B}.Ad-Hoc|iPhone.Build.0 = Debug|Any CPU
		{B19C892E-2628-4CA7-AD27-08D406A3B14B}.AppStore|iPhone.ActiveCfg = Debug|Any CPU
		{B19C892E-2628-4CA7-AD27-08D406A3B14B}.AppStore|iPhone.Build.0 = Debug|Any CPU
	EndGlobalSection
	GlobalSection(SolutionProperties) = preSolution
		HideSolutionNode = FALSE
	EndGlobalSection
	GlobalSection(ExtensibilityGlobals) = postSolution
		SolutionGuid = {731945C6-6FCF-4140-B96A-2980D3BB03F5}
	EndGlobalSection
	GlobalSection(NestedProjects) = preSolution
		{CE746019-A523-4F25-B621-BC8516E56100} = {1004AC8D-51F9-437B-B2AC-AE513DFE4F19}
		{4681A452-D8E1-41D5-822B-909DA4D7EFF1} = {1004AC8D-51F9-437B-B2AC-AE513DFE4F19}
		{8F681415-26E1-45D8-BD0B-73782331D794} = {1004AC8D-51F9-437B-B2AC-AE513DFE4F19}
		{B19C892E-2628-4CA7-AD27-08D406A3B14B} = {1004AC8D-51F9-437B-B2AC-AE513DFE4F19}
	EndGlobalSection
EndGlobal
